// !$*UTF8*$!
{
	archiveVersion = 1;
	classes = {
	};
	objectVersion = 60;
	objects = {

/* Begin PBXBuildFile section */
		4D1715772B556B8400D1BF09 /* Resolver in Frameworks */ = {isa = PBXBuildFile; productRef = 4D1715762B556B8400D1BF09 /* Resolver */; };
		4D1715792B556B8400D1BF09 /* Resolver-Dynamic in Frameworks */ = {isa = PBXBuildFile; productRef = 4D1715782B556B8400D1BF09 /* Resolver-Dynamic */; };
		4D17157B2B556B8400D1BF09 /* Resolver-Static in Frameworks */ = {isa = PBXBuildFile; productRef = 4D17157A2B556B8400D1BF09 /* Resolver-Static */; };
		4D17157D2B556CE000D1BF09 /* Resolver+Services.swift in Sources */ = {isa = PBXBuildFile; fileRef = 4D17157C2B556CE000D1BF09 /* Resolver+Services.swift */; };
		4D4237CE2B0348F7008EADD4 /* NasaView.swift in Sources */ = {isa = PBXBuildFile; fileRef = 4D4237CD2B0348F7008EADD4 /* NasaView.swift */; };
		4D4237D02B034A86008EADD4 /* NasaViewModel.swift in Sources */ = {isa = PBXBuildFile; fileRef = 4D4237CF2B034A86008EADD4 /* NasaViewModel.swift */; };
		4D4237D22B034BA9008EADD4 /* ViewStates.swift in Sources */ = {isa = PBXBuildFile; fileRef = 4D4237D12B034BA9008EADD4 /* ViewStates.swift */; };
		4D5A85BF2B021E2500D85BC5 /* MicroAppApp.swift in Sources */ = {isa = PBXBuildFile; fileRef = 4D5A85BE2B021E2500D85BC5 /* MicroAppApp.swift */; };
		4D5A85C32B021E2700D85BC5 /* Assets.xcassets in Resources */ = {isa = PBXBuildFile; fileRef = 4D5A85C22B021E2700D85BC5 /* Assets.xcassets */; };
		4D5A85C62B021E2700D85BC5 /* Preview Assets.xcassets in Resources */ = {isa = PBXBuildFile; fileRef = 4D5A85C52B021E2700D85BC5 /* Preview Assets.xcassets */; };
		4D5A85D02B021E2700D85BC5 /* MicroAppTests.swift in Sources */ = {isa = PBXBuildFile; fileRef = 4D5A85CF2B021E2700D85BC5 /* MicroAppTests.swift */; };
		4D5A85DA2B021E2700D85BC5 /* MicroAppUITests.swift in Sources */ = {isa = PBXBuildFile; fileRef = 4D5A85D92B021E2700D85BC5 /* MicroAppUITests.swift */; };
		4D5A85DC2B021E2700D85BC5 /* MicroAppUITestsLaunchTests.swift in Sources */ = {isa = PBXBuildFile; fileRef = 4D5A85DB2B021E2700D85BC5 /* MicroAppUITestsLaunchTests.swift */; };
		4D5A85F02B021E9200D85BC5 /* Nasa in Frameworks */ = {isa = PBXBuildFile; productRef = 4D5A85EF2B021E9200D85BC5 /* Nasa */; };
		4D5A85F32B021EBA00D85BC5 /* Quiz in Frameworks */ = {isa = PBXBuildFile; productRef = 4D5A85F22B021EBA00D85BC5 /* Quiz */; };
		4D6C1B562B5670CB00006E7C /* QuizManager.swift in Sources */ = {isa = PBXBuildFile; fileRef = 4D6C1B552B5670CB00006E7C /* QuizManager.swift */; };
		4D862A942B02204700D407E9 /* ApplicationManager.swift in Sources */ = {isa = PBXBuildFile; fileRef = 4D862A932B02204700D407E9 /* ApplicationManager.swift */; };
		4D862A962B02205A00D407E9 /* ActivityIndicator.swift in Sources */ = {isa = PBXBuildFile; fileRef = 4D862A952B02205A00D407E9 /* ActivityIndicator.swift */; };
		4D862A982B02206000D407E9 /* RoundedButton.swift in Sources */ = {isa = PBXBuildFile; fileRef = 4D862A972B02206000D407E9 /* RoundedButton.swift */; };
		4D862A9B2B02208300D407E9 /* ScoreCollectorView.swift in Sources */ = {isa = PBXBuildFile; fileRef = 4D862A9A2B02208300D407E9 /* ScoreCollectorView.swift */; };
		4D862A9D2B02208700D407E9 /* ScoreCollectorViewModel.swift in Sources */ = {isa = PBXBuildFile; fileRef = 4D862A9C2B02208700D407E9 /* ScoreCollectorViewModel.swift */; };
		4D862A9F2B02209400D407E9 /* LaunchQuizView.swift in Sources */ = {isa = PBXBuildFile; fileRef = 4D862A9E2B02209400D407E9 /* LaunchQuizView.swift */; };
		4D862AA12B0220A100D407E9 /* ChallengeModel.swift in Sources */ = {isa = PBXBuildFile; fileRef = 4D862AA02B0220A100D407E9 /* ChallengeModel.swift */; };
		4D862AA32B0220AC00D407E9 /* ScoreManager.swift in Sources */ = {isa = PBXBuildFile; fileRef = 4D862AA22B0220AC00D407E9 /* ScoreManager.swift */; };
		4D862AA82B0220F600D407E9 /* QuestionView.swift in Sources */ = {isa = PBXBuildFile; fileRef = 4D862AA72B0220F600D407E9 /* QuestionView.swift */; };
		4D862AAA2B0220FC00D407E9 /* QuestionViewModel.swift in Sources */ = {isa = PBXBuildFile; fileRef = 4D862AA92B0220FC00D407E9 /* QuestionViewModel.swift */; };
		4D862AAD2B02215A00D407E9 /* ResultsView.swift in Sources */ = {isa = PBXBuildFile; fileRef = 4D862AAC2B02215A00D407E9 /* ResultsView.swift */; };
		4D862AAF2B02215F00D407E9 /* ResultsViewModel.swift in Sources */ = {isa = PBXBuildFile; fileRef = 4D862AAE2B02215F00D407E9 /* ResultsViewModel.swift */; };
		4D862ABB2B02222200D407E9 /* AppStorage.swift in Sources */ = {isa = PBXBuildFile; fileRef = 4D862ABA2B02222200D407E9 /* AppStorage.swift */; };
		4D862ABD2B02223300D407E9 /* Constants.swift in Sources */ = {isa = PBXBuildFile; fileRef = 4D862ABC2B02223300D407E9 /* Constants.swift */; };
		4DAC5B142B5F9FC300788D19 /* QuizStory.swift in Sources */ = {isa = PBXBuildFile; fileRef = 4DAC5B132B5F9FC300788D19 /* QuizStory.swift */; };
/* End PBXBuildFile section */

/* Begin PBXContainerItemProxy section */
		4D5A85CC2B021E2700D85BC5 /* PBXContainerItemProxy */ = {
			isa = PBXContainerItemProxy;
			containerPortal = 4D5A85B32B021E2500D85BC5 /* Project object */;
			proxyType = 1;
			remoteGlobalIDString = 4D5A85BA2B021E2500D85BC5;
			remoteInfo = MicroApp;
		};
		4D5A85D62B021E2700D85BC5 /* PBXContainerItemProxy */ = {
			isa = PBXContainerItemProxy;
			containerPortal = 4D5A85B32B021E2500D85BC5 /* Project object */;
			proxyType = 1;
			remoteGlobalIDString = 4D5A85BA2B021E2500D85BC5;
			remoteInfo = MicroApp;
		};
/* End PBXContainerItemProxy section */

/* Begin PBXFileReference section */
		4D17157C2B556CE000D1BF09 /* Resolver+Services.swift */ = {isa = PBXFileReference; lastKnownFileType = sourcecode.swift; path = "Resolver+Services.swift"; sourceTree = "<group>"; };
		4D4237CD2B0348F7008EADD4 /* NasaView.swift */ = {isa = PBXFileReference; lastKnownFileType = sourcecode.swift; path = NasaView.swift; sourceTree = "<group>"; };
		4D4237CF2B034A86008EADD4 /* NasaViewModel.swift */ = {isa = PBXFileReference; lastKnownFileType = sourcecode.swift; path = NasaViewModel.swift; sourceTree = "<group>"; };
		4D4237D12B034BA9008EADD4 /* ViewStates.swift */ = {isa = PBXFileReference; lastKnownFileType = sourcecode.swift; path = ViewStates.swift; sourceTree = "<group>"; };
		4D5A85BB2B021E2500D85BC5 /* MicroApp.app */ = {isa = PBXFileReference; explicitFileType = wrapper.application; includeInIndex = 0; path = MicroApp.app; sourceTree = BUILT_PRODUCTS_DIR; };
		4D5A85BE2B021E2500D85BC5 /* MicroAppApp.swift */ = {isa = PBXFileReference; lastKnownFileType = sourcecode.swift; path = MicroAppApp.swift; sourceTree = "<group>"; };
		4D5A85C22B021E2700D85BC5 /* Assets.xcassets */ = {isa = PBXFileReference; lastKnownFileType = folder.assetcatalog; path = Assets.xcassets; sourceTree = "<group>"; };
		4D5A85C52B021E2700D85BC5 /* Preview Assets.xcassets */ = {isa = PBXFileReference; lastKnownFileType = folder.assetcatalog; path = "Preview Assets.xcassets"; sourceTree = "<group>"; };
		4D5A85CB2B021E2700D85BC5 /* MicroAppTests.xctest */ = {isa = PBXFileReference; explicitFileType = wrapper.cfbundle; includeInIndex = 0; path = MicroAppTests.xctest; sourceTree = BUILT_PRODUCTS_DIR; };
		4D5A85CF2B021E2700D85BC5 /* MicroAppTests.swift */ = {isa = PBXFileReference; lastKnownFileType = sourcecode.swift; path = MicroAppTests.swift; sourceTree = "<group>"; };
		4D5A85D52B021E2700D85BC5 /* MicroAppUITests.xctest */ = {isa = PBXFileReference; explicitFileType = wrapper.cfbundle; includeInIndex = 0; path = MicroAppUITests.xctest; sourceTree = BUILT_PRODUCTS_DIR; };
		4D5A85D92B021E2700D85BC5 /* MicroAppUITests.swift */ = {isa = PBXFileReference; lastKnownFileType = sourcecode.swift; path = MicroAppUITests.swift; sourceTree = "<group>"; };
		4D5A85DB2B021E2700D85BC5 /* MicroAppUITestsLaunchTests.swift */ = {isa = PBXFileReference; lastKnownFileType = sourcecode.swift; path = MicroAppUITestsLaunchTests.swift; sourceTree = "<group>"; };
		4D6C1B552B5670CB00006E7C /* QuizManager.swift */ = {isa = PBXFileReference; lastKnownFileType = sourcecode.swift; path = QuizManager.swift; sourceTree = "<group>"; };
		4D862A932B02204700D407E9 /* ApplicationManager.swift */ = {isa = PBXFileReference; fileEncoding = 4; lastKnownFileType = sourcecode.swift; path = ApplicationManager.swift; sourceTree = "<group>"; };
		4D862A952B02205A00D407E9 /* ActivityIndicator.swift */ = {isa = PBXFileReference; fileEncoding = 4; lastKnownFileType = sourcecode.swift; path = ActivityIndicator.swift; sourceTree = "<group>"; };
		4D862A972B02206000D407E9 /* RoundedButton.swift */ = {isa = PBXFileReference; fileEncoding = 4; lastKnownFileType = sourcecode.swift; path = RoundedButton.swift; sourceTree = "<group>"; };
		4D862A9A2B02208300D407E9 /* ScoreCollectorView.swift */ = {isa = PBXFileReference; fileEncoding = 4; lastKnownFileType = sourcecode.swift; path = ScoreCollectorView.swift; sourceTree = "<group>"; };
		4D862A9C2B02208700D407E9 /* ScoreCollectorViewModel.swift */ = {isa = PBXFileReference; fileEncoding = 4; lastKnownFileType = sourcecode.swift; path = ScoreCollectorViewModel.swift; sourceTree = "<group>"; };
		4D862A9E2B02209400D407E9 /* LaunchQuizView.swift */ = {isa = PBXFileReference; fileEncoding = 4; lastKnownFileType = sourcecode.swift; path = LaunchQuizView.swift; sourceTree = "<group>"; };
		4D862AA02B0220A100D407E9 /* ChallengeModel.swift */ = {isa = PBXFileReference; fileEncoding = 4; lastKnownFileType = sourcecode.swift; path = ChallengeModel.swift; sourceTree = "<group>"; };
		4D862AA22B0220AC00D407E9 /* ScoreManager.swift */ = {isa = PBXFileReference; fileEncoding = 4; lastKnownFileType = sourcecode.swift; path = ScoreManager.swift; sourceTree = "<group>"; };
		4D862AA72B0220F600D407E9 /* QuestionView.swift */ = {isa = PBXFileReference; fileEncoding = 4; lastKnownFileType = sourcecode.swift; path = QuestionView.swift; sourceTree = "<group>"; };
		4D862AA92B0220FC00D407E9 /* QuestionViewModel.swift */ = {isa = PBXFileReference; fileEncoding = 4; lastKnownFileType = sourcecode.swift; path = QuestionViewModel.swift; sourceTree = "<group>"; };
		4D862AAC2B02215A00D407E9 /* ResultsView.swift */ = {isa = PBXFileReference; fileEncoding = 4; lastKnownFileType = sourcecode.swift; path = ResultsView.swift; sourceTree = "<group>"; };
		4D862AAE2B02215F00D407E9 /* ResultsViewModel.swift */ = {isa = PBXFileReference; fileEncoding = 4; lastKnownFileType = sourcecode.swift; path = ResultsViewModel.swift; sourceTree = "<group>"; };
		4D862ABA2B02222200D407E9 /* AppStorage.swift */ = {isa = PBXFileReference; fileEncoding = 4; lastKnownFileType = sourcecode.swift; path = AppStorage.swift; sourceTree = "<group>"; };
		4D862ABC2B02223300D407E9 /* Constants.swift */ = {isa = PBXFileReference; fileEncoding = 4; lastKnownFileType = sourcecode.swift; path = Constants.swift; sourceTree = "<group>"; };
		4DAC5B132B5F9FC300788D19 /* QuizStory.swift */ = {isa = PBXFileReference; lastKnownFileType = sourcecode.swift; path = QuizStory.swift; sourceTree = "<group>"; };
/* End PBXFileReference section */

/* Begin PBXFrameworksBuildPhase section */
		4D5A85B82B021E2500D85BC5 /* Frameworks */ = {
			isa = PBXFrameworksBuildPhase;
			buildActionMask = 2147483647;
			files = (
				4D1715792B556B8400D1BF09 /* Resolver-Dynamic in Frameworks */,
				4D1715772B556B8400D1BF09 /* Resolver in Frameworks */,
				4D5A85F02B021E9200D85BC5 /* Nasa in Frameworks */,
				4D17157B2B556B8400D1BF09 /* Resolver-Static in Frameworks */,
				4D5A85F32B021EBA00D85BC5 /* Quiz in Frameworks */,
			);
			runOnlyForDeploymentPostprocessing = 0;
		};
		4D5A85C82B021E2700D85BC5 /* Frameworks */ = {
			isa = PBXFrameworksBuildPhase;
			buildActionMask = 2147483647;
			files = (
			);
			runOnlyForDeploymentPostprocessing = 0;
		};
		4D5A85D22B021E2700D85BC5 /* Frameworks */ = {
			isa = PBXFrameworksBuildPhase;
			buildActionMask = 2147483647;
			files = (
			);
			runOnlyForDeploymentPostprocessing = 0;
		};
/* End PBXFrameworksBuildPhase section */

/* Begin PBXGroup section */
		4D17157E2B55755700D1BF09 /* question */ = {
			isa = PBXGroup;
			children = (
				4D862AA72B0220F600D407E9 /* QuestionView.swift */,
				4D862AA92B0220FC00D407E9 /* QuestionViewModel.swift */,
			);
			path = question;
			sourceTree = "<group>";
		};
		4D17157F2B5575C100D1BF09 /* manage */ = {
			isa = PBXGroup;
			children = (
				4D862ABF2B02228200D407E9 /* storage */,
				4D862A932B02204700D407E9 /* ApplicationManager.swift */,
				4D862AA22B0220AC00D407E9 /* ScoreManager.swift */,
				4D6C1B552B5670CB00006E7C /* QuizManager.swift */,
			);
			path = manage;
			sourceTree = "<group>";
		};
		4D4237CC2B0348B7008EADD4 /* nasa */ = {
			isa = PBXGroup;
			children = (
				4D4237CD2B0348F7008EADD4 /* NasaView.swift */,
				4D4237CF2B034A86008EADD4 /* NasaViewModel.swift */,
			);
			path = nasa;
			sourceTree = "<group>";
		};
		4D5A85B22B021E2500D85BC5 = {
			isa = PBXGroup;
			children = (
				4D5A85BD2B021E2500D85BC5 /* MicroApp */,
				4D5A85CE2B021E2700D85BC5 /* MicroAppTests */,
				4D5A85D82B021E2700D85BC5 /* MicroAppUITests */,
				4D5A85BC2B021E2500D85BC5 /* Products */,
			);
			sourceTree = "<group>";
		};
		4D5A85BC2B021E2500D85BC5 /* Products */ = {
			isa = PBXGroup;
			children = (
				4D5A85BB2B021E2500D85BC5 /* MicroApp.app */,
				4D5A85CB2B021E2700D85BC5 /* MicroAppTests.xctest */,
				4D5A85D52B021E2700D85BC5 /* MicroAppUITests.xctest */,
			);
			name = Products;
			sourceTree = "<group>";
		};
		4D5A85BD2B021E2500D85BC5 /* MicroApp */ = {
			isa = PBXGroup;
			children = (
				4D862ABC2B02223300D407E9 /* Constants.swift */,
				4D17157F2B5575C100D1BF09 /* manage */,
				4D862AC22B0222CB00D407E9 /* ui */,
				4D862A922B02202E00D407E9 /* scenes */,
				4D5A85BE2B021E2500D85BC5 /* MicroAppApp.swift */,
				4D5A85C22B021E2700D85BC5 /* Assets.xcassets */,
				4D5A85C42B021E2700D85BC5 /* Preview Content */,
				4D17157C2B556CE000D1BF09 /* Resolver+Services.swift */,
			);
			path = MicroApp;
			sourceTree = "<group>";
		};
		4D5A85C42B021E2700D85BC5 /* Preview Content */ = {
			isa = PBXGroup;
			children = (
				4D5A85C52B021E2700D85BC5 /* Preview Assets.xcassets */,
			);
			path = "Preview Content";
			sourceTree = "<group>";
		};
		4D5A85CE2B021E2700D85BC5 /* MicroAppTests */ = {
			isa = PBXGroup;
			children = (
				4D5A85CF2B021E2700D85BC5 /* MicroAppTests.swift */,
			);
			path = MicroAppTests;
			sourceTree = "<group>";
		};
		4D5A85D82B021E2700D85BC5 /* MicroAppUITests */ = {
			isa = PBXGroup;
			children = (
				4D5A85D92B021E2700D85BC5 /* MicroAppUITests.swift */,
				4D5A85DB2B021E2700D85BC5 /* MicroAppUITestsLaunchTests.swift */,
			);
			path = MicroAppUITests;
			sourceTree = "<group>";
		};
		4D862A922B02202E00D407E9 /* scenes */ = {
			isa = PBXGroup;
			children = (
				4D4237D12B034BA9008EADD4 /* ViewStates.swift */,
				4D4237CC2B0348B7008EADD4 /* nasa */,
				4D862AA62B0220EC00D407E9 /* quiz */,
			);
			path = scenes;
			sourceTree = "<group>";
		};
		4D862A992B02207B00D407E9 /* score */ = {
			isa = PBXGroup;
			children = (
				4D862A9C2B02208700D407E9 /* ScoreCollectorViewModel.swift */,
				4D862A9A2B02208300D407E9 /* ScoreCollectorView.swift */,
			);
			path = score;
			sourceTree = "<group>";
		};
		4D862AA62B0220EC00D407E9 /* quiz */ = {
			isa = PBXGroup;
			children = (
				4D862A992B02207B00D407E9 /* score */,
				4D862AAB2B02215200D407E9 /* results */,
				4D17157E2B55755700D1BF09 /* question */,
				4D862A9E2B02209400D407E9 /* LaunchQuizView.swift */,
			);
			path = quiz;
			sourceTree = "<group>";
		};
		4D862AAB2B02215200D407E9 /* results */ = {
			isa = PBXGroup;
			children = (
				4D862AAE2B02215F00D407E9 /* ResultsViewModel.swift */,
				4D862AAC2B02215A00D407E9 /* ResultsView.swift */,
			);
			path = results;
			sourceTree = "<group>";
		};
		4D862ABF2B02228200D407E9 /* storage */ = {
			isa = PBXGroup;
			children = (
				4D862AA02B0220A100D407E9 /* ChallengeModel.swift */,
				4D862ABA2B02222200D407E9 /* AppStorage.swift */,
				4DAC5B132B5F9FC300788D19 /* QuizStory.swift */,
			);
			path = storage;
			sourceTree = "<group>";
		};
		4D862AC22B0222CB00D407E9 /* ui */ = {
			isa = PBXGroup;
			children = (
				4D862A952B02205A00D407E9 /* ActivityIndicator.swift */,
				4D862A972B02206000D407E9 /* RoundedButton.swift */,
			);
			path = ui;
			sourceTree = "<group>";
		};
/* End PBXGroup section */

/* Begin PBXNativeTarget section */
		4D5A85BA2B021E2500D85BC5 /* MicroApp */ = {
			isa = PBXNativeTarget;
			buildConfigurationList = 4D5A85DF2B021E2700D85BC5 /* Build configuration list for PBXNativeTarget "MicroApp" */;
			buildPhases = (
				4D5A85B72B021E2500D85BC5 /* Sources */,
				4D5A85B82B021E2500D85BC5 /* Frameworks */,
				4D5A85B92B021E2500D85BC5 /* Resources */,
			);
			buildRules = (
			);
			dependencies = (
			);
			name = MicroApp;
			packageProductDependencies = (
				4D5A85EF2B021E9200D85BC5 /* Nasa */,
				4D5A85F22B021EBA00D85BC5 /* Quiz */,
				4D1715762B556B8400D1BF09 /* Resolver */,
				4D1715782B556B8400D1BF09 /* Resolver-Dynamic */,
				4D17157A2B556B8400D1BF09 /* Resolver-Static */,
			);
			productName = MicroApp;
			productReference = 4D5A85BB2B021E2500D85BC5 /* MicroApp.app */;
			productType = "com.apple.product-type.application";
		};
		4D5A85CA2B021E2700D85BC5 /* MicroAppTests */ = {
			isa = PBXNativeTarget;
			buildConfigurationList = 4D5A85E22B021E2700D85BC5 /* Build configuration list for PBXNativeTarget "MicroAppTests" */;
			buildPhases = (
				4D5A85C72B021E2700D85BC5 /* Sources */,
				4D5A85C82B021E2700D85BC5 /* Frameworks */,
				4D5A85C92B021E2700D85BC5 /* Resources */,
			);
			buildRules = (
			);
			dependencies = (
				4D5A85CD2B021E2700D85BC5 /* PBXTargetDependency */,
			);
			name = MicroAppTests;
			productName = MicroAppTests;
			productReference = 4D5A85CB2B021E2700D85BC5 /* MicroAppTests.xctest */;
			productType = "com.apple.product-type.bundle.unit-test";
		};
		4D5A85D42B021E2700D85BC5 /* MicroAppUITests */ = {
			isa = PBXNativeTarget;
			buildConfigurationList = 4D5A85E52B021E2700D85BC5 /* Build configuration list for PBXNativeTarget "MicroAppUITests" */;
			buildPhases = (
				4D5A85D12B021E2700D85BC5 /* Sources */,
				4D5A85D22B021E2700D85BC5 /* Frameworks */,
				4D5A85D32B021E2700D85BC5 /* Resources */,
			);
			buildRules = (
			);
			dependencies = (
				4D5A85D72B021E2700D85BC5 /* PBXTargetDependency */,
			);
			name = MicroAppUITests;
			productName = MicroAppUITests;
			productReference = 4D5A85D52B021E2700D85BC5 /* MicroAppUITests.xctest */;
			productType = "com.apple.product-type.bundle.ui-testing";
		};
/* End PBXNativeTarget section */

/* Begin PBXProject section */
		4D5A85B32B021E2500D85BC5 /* Project object */ = {
			isa = PBXProject;
			attributes = {
				BuildIndependentTargetsInParallel = 1;
				LastSwiftUpdateCheck = 1500;
				LastUpgradeCheck = 1500;
				TargetAttributes = {
					4D5A85BA2B021E2500D85BC5 = {
						CreatedOnToolsVersion = 15.0;
					};
					4D5A85CA2B021E2700D85BC5 = {
						CreatedOnToolsVersion = 15.0;
						TestTargetID = 4D5A85BA2B021E2500D85BC5;
					};
					4D5A85D42B021E2700D85BC5 = {
						CreatedOnToolsVersion = 15.0;
						TestTargetID = 4D5A85BA2B021E2500D85BC5;
					};
				};
			};
			buildConfigurationList = 4D5A85B62B021E2500D85BC5 /* Build configuration list for PBXProject "MicroApp" */;
			compatibilityVersion = "Xcode 14.0";
			developmentRegion = en;
			hasScannedForEncodings = 0;
			knownRegions = (
				en,
				Base,
			);
			mainGroup = 4D5A85B22B021E2500D85BC5;
			packageReferences = (
				4D5A85EE2B021E9200D85BC5 /* XCLocalSwiftPackageReference "../MicroPackages/Nasa" */,
				4D5A85F12B021EBA00D85BC5 /* XCLocalSwiftPackageReference "../MicroPackages/Quiz" */,
				4D4237D32B03578F008EADD4 /* XCRemoteSwiftPackageReference "Resolver" */,
			);
			productRefGroup = 4D5A85BC2B021E2500D85BC5 /* Products */;
			projectDirPath = "";
			projectRoot = "";
			targets = (
				4D5A85BA2B021E2500D85BC5 /* MicroApp */,
				4D5A85CA2B021E2700D85BC5 /* MicroAppTests */,
				4D5A85D42B021E2700D85BC5 /* MicroAppUITests */,
			);
		};
/* End PBXProject section */

/* Begin PBXResourcesBuildPhase section */
		4D5A85B92B021E2500D85BC5 /* Resources */ = {
			isa = PBXResourcesBuildPhase;
			buildActionMask = 2147483647;
			files = (
				4D5A85C62B021E2700D85BC5 /* Preview Assets.xcassets in Resources */,
				4D5A85C32B021E2700D85BC5 /* Assets.xcassets in Resources */,
			);
			runOnlyForDeploymentPostprocessing = 0;
		};
		4D5A85C92B021E2700D85BC5 /* Resources */ = {
			isa = PBXResourcesBuildPhase;
			buildActionMask = 2147483647;
			files = (
			);
			runOnlyForDeploymentPostprocessing = 0;
		};
		4D5A85D32B021E2700D85BC5 /* Resources */ = {
			isa = PBXResourcesBuildPhase;
			buildActionMask = 2147483647;
			files = (
			);
			runOnlyForDeploymentPostprocessing = 0;
		};
/* End PBXResourcesBuildPhase section */

/* Begin PBXSourcesBuildPhase section */
		4D5A85B72B021E2500D85BC5 /* Sources */ = {
			isa = PBXSourcesBuildPhase;
			buildActionMask = 2147483647;
			files = (
				4D862ABD2B02223300D407E9 /* Constants.swift in Sources */,
				4D4237D22B034BA9008EADD4 /* ViewStates.swift in Sources */,
				4D4237D02B034A86008EADD4 /* NasaViewModel.swift in Sources */,
				4D862A962B02205A00D407E9 /* ActivityIndicator.swift in Sources */,
				4D862ABB2B02222200D407E9 /* AppStorage.swift in Sources */,
				4D862A9F2B02209400D407E9 /* LaunchQuizView.swift in Sources */,
				4D862A9D2B02208700D407E9 /* ScoreCollectorViewModel.swift in Sources */,
				4D862AA32B0220AC00D407E9 /* ScoreManager.swift in Sources */,
				4D862AA82B0220F600D407E9 /* QuestionView.swift in Sources */,
				4D862AAF2B02215F00D407E9 /* ResultsViewModel.swift in Sources */,
				4D6C1B562B5670CB00006E7C /* QuizManager.swift in Sources */,
				4D862A982B02206000D407E9 /* RoundedButton.swift in Sources */,
				4D4237CE2B0348F7008EADD4 /* NasaView.swift in Sources */,
				4D862A942B02204700D407E9 /* ApplicationManager.swift in Sources */,
				4D17157D2B556CE000D1BF09 /* Resolver+Services.swift in Sources */,
				4D862AA12B0220A100D407E9 /* ChallengeModel.swift in Sources */,
				4DAC5B142B5F9FC300788D19 /* QuizStory.swift in Sources */,
				4D5A85BF2B021E2500D85BC5 /* MicroAppApp.swift in Sources */,
				4D862AAD2B02215A00D407E9 /* ResultsView.swift in Sources */,
				4D862A9B2B02208300D407E9 /* ScoreCollectorView.swift in Sources */,
				4D862AAA2B0220FC00D407E9 /* QuestionViewModel.swift in Sources */,
			);
			runOnlyForDeploymentPostprocessing = 0;
		};
		4D5A85C72B021E2700D85BC5 /* Sources */ = {
			isa = PBXSourcesBuildPhase;
			buildActionMask = 2147483647;
			files = (
				4D5A85D02B021E2700D85BC5 /* MicroAppTests.swift in Sources */,
			);
			runOnlyForDeploymentPostprocessing = 0;
		};
		4D5A85D12B021E2700D85BC5 /* Sources */ = {
			isa = PBXSourcesBuildPhase;
			buildActionMask = 2147483647;
			files = (
				4D5A85DC2B021E2700D85BC5 /* MicroAppUITestsLaunchTests.swift in Sources */,
				4D5A85DA2B021E2700D85BC5 /* MicroAppUITests.swift in Sources */,
			);
			runOnlyForDeploymentPostprocessing = 0;
		};
/* End PBXSourcesBuildPhase section */

/* Begin PBXTargetDependency section */
		4D5A85CD2B021E2700D85BC5 /* PBXTargetDependency */ = {
			isa = PBXTargetDependency;
			target = 4D5A85BA2B021E2500D85BC5 /* MicroApp */;
			targetProxy = 4D5A85CC2B021E2700D85BC5 /* PBXContainerItemProxy */;
		};
		4D5A85D72B021E2700D85BC5 /* PBXTargetDependency */ = {
			isa = PBXTargetDependency;
			target = 4D5A85BA2B021E2500D85BC5 /* MicroApp */;
			targetProxy = 4D5A85D62B021E2700D85BC5 /* PBXContainerItemProxy */;
		};
/* End PBXTargetDependency section */

/* Begin XCBuildConfiguration section */
		4D5A85DD2B021E2700D85BC5 /* Debug */ = {
			isa = XCBuildConfiguration;
			buildSettings = {
				ALWAYS_SEARCH_USER_PATHS = NO;
				ASSETCATALOG_COMPILER_GENERATE_SWIFT_ASSET_SYMBOL_EXTENSIONS = YES;
				CLANG_ANALYZER_NONNULL = YES;
				CLANG_ANALYZER_NUMBER_OBJECT_CONVERSION = YES_AGGRESSIVE;
				CLANG_CXX_LANGUAGE_STANDARD = "gnu++20";
				CLANG_ENABLE_MODULES = YES;
				CLANG_ENABLE_OBJC_ARC = YES;
				CLANG_ENABLE_OBJC_WEAK = YES;
				CLANG_WARN_BLOCK_CAPTURE_AUTORELEASING = YES;
				CLANG_WARN_BOOL_CONVERSION = YES;
				CLANG_WARN_COMMA = YES;
				CLANG_WARN_CONSTANT_CONVERSION = YES;
				CLANG_WARN_DEPRECATED_OBJC_IMPLEMENTATIONS = YES;
				CLANG_WARN_DIRECT_OBJC_ISA_USAGE = YES_ERROR;
				CLANG_WARN_DOCUMENTATION_COMMENTS = YES;
				CLANG_WARN_EMPTY_BODY = YES;
				CLANG_WARN_ENUM_CONVERSION = YES;
				CLANG_WARN_INFINITE_RECURSION = YES;
				CLANG_WARN_INT_CONVERSION = YES;
				CLANG_WARN_NON_LITERAL_NULL_CONVERSION = YES;
				CLANG_WARN_OBJC_IMPLICIT_RETAIN_SELF = YES;
				CLANG_WARN_OBJC_LITERAL_CONVERSION = YES;
				CLANG_WARN_OBJC_ROOT_CLASS = YES_ERROR;
				CLANG_WARN_QUOTED_INCLUDE_IN_FRAMEWORK_HEADER = YES;
				CLANG_WARN_RANGE_LOOP_ANALYSIS = YES;
				CLANG_WARN_STRICT_PROTOTYPES = YES;
				CLANG_WARN_SUSPICIOUS_MOVE = YES;
				CLANG_WARN_UNGUARDED_AVAILABILITY = YES_AGGRESSIVE;
				CLANG_WARN_UNREACHABLE_CODE = YES;
				CLANG_WARN__DUPLICATE_METHOD_MATCH = YES;
				COPY_PHASE_STRIP = NO;
				DEBUG_INFORMATION_FORMAT = dwarf;
				ENABLE_STRICT_OBJC_MSGSEND = YES;
				ENABLE_TESTABILITY = YES;
				ENABLE_USER_SCRIPT_SANDBOXING = YES;
				GCC_C_LANGUAGE_STANDARD = gnu17;
				GCC_DYNAMIC_NO_PIC = NO;
				GCC_NO_COMMON_BLOCKS = YES;
				GCC_OPTIMIZATION_LEVEL = 0;
				GCC_PREPROCESSOR_DEFINITIONS = (
					"DEBUG=1",
					"$(inherited)",
				);
				GCC_WARN_64_TO_32_BIT_CONVERSION = YES;
				GCC_WARN_ABOUT_RETURN_TYPE = YES_ERROR;
				GCC_WARN_UNDECLARED_SELECTOR = YES;
				GCC_WARN_UNINITIALIZED_AUTOS = YES_AGGRESSIVE;
				GCC_WARN_UNUSED_FUNCTION = YES;
				GCC_WARN_UNUSED_VARIABLE = YES;
				IPHONEOS_DEPLOYMENT_TARGET = 17.0;
				LOCALIZATION_PREFERS_STRING_CATALOGS = YES;
				MTL_ENABLE_DEBUG_INFO = INCLUDE_SOURCE;
				MTL_FAST_MATH = YES;
				ONLY_ACTIVE_ARCH = YES;
				SDKROOT = iphoneos;
				SWIFT_ACTIVE_COMPILATION_CONDITIONS = "DEBUG $(inherited)";
				SWIFT_OPTIMIZATION_LEVEL = "-Onone";
			};
			name = Debug;
		};
		4D5A85DE2B021E2700D85BC5 /* Release */ = {
			isa = XCBuildConfiguration;
			buildSettings = {
				ALWAYS_SEARCH_USER_PATHS = NO;
				ASSETCATALOG_COMPILER_GENERATE_SWIFT_ASSET_SYMBOL_EXTENSIONS = YES;
				CLANG_ANALYZER_NONNULL = YES;
				CLANG_ANALYZER_NUMBER_OBJECT_CONVERSION = YES_AGGRESSIVE;
				CLANG_CXX_LANGUAGE_STANDARD = "gnu++20";
				CLANG_ENABLE_MODULES = YES;
				CLANG_ENABLE_OBJC_ARC = YES;
				CLANG_ENABLE_OBJC_WEAK = YES;
				CLANG_WARN_BLOCK_CAPTURE_AUTORELEASING = YES;
				CLANG_WARN_BOOL_CONVERSION = YES;
				CLANG_WARN_COMMA = YES;
				CLANG_WARN_CONSTANT_CONVERSION = YES;
				CLANG_WARN_DEPRECATED_OBJC_IMPLEMENTATIONS = YES;
				CLANG_WARN_DIRECT_OBJC_ISA_USAGE = YES_ERROR;
				CLANG_WARN_DOCUMENTATION_COMMENTS = YES;
				CLANG_WARN_EMPTY_BODY = YES;
				CLANG_WARN_ENUM_CONVERSION = YES;
				CLANG_WARN_INFINITE_RECURSION = YES;
				CLANG_WARN_INT_CONVERSION = YES;
				CLANG_WARN_NON_LITERAL_NULL_CONVERSION = YES;
				CLANG_WARN_OBJC_IMPLICIT_RETAIN_SELF = YES;
				CLANG_WARN_OBJC_LITERAL_CONVERSION = YES;
				CLANG_WARN_OBJC_ROOT_CLASS = YES_ERROR;
				CLANG_WARN_QUOTED_INCLUDE_IN_FRAMEWORK_HEADER = YES;
				CLANG_WARN_RANGE_LOOP_ANALYSIS = YES;
				CLANG_WARN_STRICT_PROTOTYPES = YES;
				CLANG_WARN_SUSPICIOUS_MOVE = YES;
				CLANG_WARN_UNGUARDED_AVAILABILITY = YES_AGGRESSIVE;
				CLANG_WARN_UNREACHABLE_CODE = YES;
				CLANG_WARN__DUPLICATE_METHOD_MATCH = YES;
				COPY_PHASE_STRIP = NO;
				DEBUG_INFORMATION_FORMAT = "dwarf-with-dsym";
				ENABLE_NS_ASSERTIONS = NO;
				ENABLE_STRICT_OBJC_MSGSEND = YES;
				ENABLE_USER_SCRIPT_SANDBOXING = YES;
				GCC_C_LANGUAGE_STANDARD = gnu17;
				GCC_NO_COMMON_BLOCKS = YES;
				GCC_WARN_64_TO_32_BIT_CONVERSION = YES;
				GCC_WARN_ABOUT_RETURN_TYPE = YES_ERROR;
				GCC_WARN_UNDECLARED_SELECTOR = YES;
				GCC_WARN_UNINITIALIZED_AUTOS = YES_AGGRESSIVE;
				GCC_WARN_UNUSED_FUNCTION = YES;
				GCC_WARN_UNUSED_VARIABLE = YES;
				IPHONEOS_DEPLOYMENT_TARGET = 17.0;
				LOCALIZATION_PREFERS_STRING_CATALOGS = YES;
				MTL_ENABLE_DEBUG_INFO = NO;
				MTL_FAST_MATH = YES;
				SDKROOT = iphoneos;
				SWIFT_COMPILATION_MODE = wholemodule;
				VALIDATE_PRODUCT = YES;
			};
			name = Release;
		};
		4D5A85E02B021E2700D85BC5 /* Debug */ = {
			isa = XCBuildConfiguration;
			buildSettings = {
				ASSETCATALOG_COMPILER_APPICON_NAME = AppIcon;
				ASSETCATALOG_COMPILER_GLOBAL_ACCENT_COLOR_NAME = AccentColor;
				CODE_SIGN_STYLE = Automatic;
				CURRENT_PROJECT_VERSION = 1;
				DEVELOPMENT_ASSET_PATHS = "\"MicroApp/Preview Content\"";
				DEVELOPMENT_TEAM = ET37P8CM79;
				ENABLE_PREVIEWS = YES;
				GENERATE_INFOPLIST_FILE = YES;
				INFOPLIST_KEY_UIApplicationSceneManifest_Generation = YES;
				INFOPLIST_KEY_UIApplicationSupportsIndirectInputEvents = YES;
				INFOPLIST_KEY_UILaunchScreen_Generation = YES;
				INFOPLIST_KEY_UISupportedInterfaceOrientations_iPad = "UIInterfaceOrientationPortrait UIInterfaceOrientationPortraitUpsideDown UIInterfaceOrientationLandscapeLeft UIInterfaceOrientationLandscapeRight";
				INFOPLIST_KEY_UISupportedInterfaceOrientations_iPhone = "UIInterfaceOrientationPortrait UIInterfaceOrientationLandscapeLeft UIInterfaceOrientationLandscapeRight";
				LD_RUNPATH_SEARCH_PATHS = (
					"$(inherited)",
					"@executable_path/Frameworks",
				);
				MARKETING_VERSION = 1.0;
				PRODUCT_BUNDLE_IDENTIFIER = com.iremtosun.MicroApp;
				PRODUCT_NAME = "$(TARGET_NAME)";
				SWIFT_EMIT_LOC_STRINGS = YES;
				SWIFT_VERSION = 5.0;
				TARGETED_DEVICE_FAMILY = "1,2";
			};
			name = Debug;
		};
		4D5A85E12B021E2700D85BC5 /* Release */ = {
			isa = XCBuildConfiguration;
			buildSettings = {
				ASSETCATALOG_COMPILER_APPICON_NAME = AppIcon;
				ASSETCATALOG_COMPILER_GLOBAL_ACCENT_COLOR_NAME = AccentColor;
				CODE_SIGN_STYLE = Automatic;
				CURRENT_PROJECT_VERSION = 1;
				DEVELOPMENT_ASSET_PATHS = "\"MicroApp/Preview Content\"";
				DEVELOPMENT_TEAM = ET37P8CM79;
				ENABLE_PREVIEWS = YES;
				GENERATE_INFOPLIST_FILE = YES;
				INFOPLIST_KEY_UIApplicationSceneManifest_Generation = YES;
				INFOPLIST_KEY_UIApplicationSupportsIndirectInputEvents = YES;
				INFOPLIST_KEY_UILaunchScreen_Generation = YES;
				INFOPLIST_KEY_UISupportedInterfaceOrientations_iPad = "UIInterfaceOrientationPortrait UIInterfaceOrientationPortraitUpsideDown UIInterfaceOrientationLandscapeLeft UIInterfaceOrientationLandscapeRight";
				INFOPLIST_KEY_UISupportedInterfaceOrientations_iPhone = "UIInterfaceOrientationPortrait UIInterfaceOrientationLandscapeLeft UIInterfaceOrientationLandscapeRight";
				LD_RUNPATH_SEARCH_PATHS = (
					"$(inherited)",
					"@executable_path/Frameworks",
				);
				MARKETING_VERSION = 1.0;
				PRODUCT_BUNDLE_IDENTIFIER = com.iremtosun.MicroApp;
				PRODUCT_NAME = "$(TARGET_NAME)";
				SWIFT_EMIT_LOC_STRINGS = YES;
				SWIFT_VERSION = 5.0;
				TARGETED_DEVICE_FAMILY = "1,2";
			};
			name = Release;
		};
		4D5A85E32B021E2700D85BC5 /* Debug */ = {
			isa = XCBuildConfiguration;
			buildSettings = {
				ALWAYS_EMBED_SWIFT_STANDARD_LIBRARIES = YES;
				BUNDLE_LOADER = "$(TEST_HOST)";
				CODE_SIGN_STYLE = Automatic;
				CURRENT_PROJECT_VERSION = 1;
				DEVELOPMENT_TEAM = ET37P8CM79;
				GENERATE_INFOPLIST_FILE = YES;
				IPHONEOS_DEPLOYMENT_TARGET = 17.0;
				MARKETING_VERSION = 1.0;
				PRODUCT_BUNDLE_IDENTIFIER = com.iremtosun.MicroAppTests;
				PRODUCT_NAME = "$(TARGET_NAME)";
				SWIFT_EMIT_LOC_STRINGS = NO;
				SWIFT_VERSION = 5.0;
				TARGETED_DEVICE_FAMILY = "1,2";
				TEST_HOST = "$(BUILT_PRODUCTS_DIR)/MicroApp.app/$(BUNDLE_EXECUTABLE_FOLDER_PATH)/MicroApp";
			};
			name = Debug;
		};
		4D5A85E42B021E2700D85BC5 /* Release */ = {
			isa = XCBuildConfiguration;
			buildSettings = {
				ALWAYS_EMBED_SWIFT_STANDARD_LIBRARIES = YES;
				BUNDLE_LOADER = "$(TEST_HOST)";
				CODE_SIGN_STYLE = Automatic;
				CURRENT_PROJECT_VERSION = 1;
				DEVELOPMENT_TEAM = ET37P8CM79;
				GENERATE_INFOPLIST_FILE = YES;
				IPHONEOS_DEPLOYMENT_TARGET = 17.0;
				MARKETING_VERSION = 1.0;
				PRODUCT_BUNDLE_IDENTIFIER = com.iremtosun.MicroAppTests;
				PRODUCT_NAME = "$(TARGET_NAME)";
				SWIFT_EMIT_LOC_STRINGS = NO;
				SWIFT_VERSION = 5.0;
				TARGETED_DEVICE_FAMILY = "1,2";
				TEST_HOST = "$(BUILT_PRODUCTS_DIR)/MicroApp.app/$(BUNDLE_EXECUTABLE_FOLDER_PATH)/MicroApp";
			};
			name = Release;
		};
		4D5A85E62B021E2700D85BC5 /* Debug */ = {
			isa = XCBuildConfiguration;
			buildSettings = {
				ALWAYS_EMBED_SWIFT_STANDARD_LIBRARIES = YES;
				CODE_SIGN_STYLE = Automatic;
				CURRENT_PROJECT_VERSION = 1;
				DEVELOPMENT_TEAM = ET37P8CM79;
				GENERATE_INFOPLIST_FILE = YES;
				MARKETING_VERSION = 1.0;
				PRODUCT_BUNDLE_IDENTIFIER = com.iremtosun.MicroAppUITests;
				PRODUCT_NAME = "$(TARGET_NAME)";
				SWIFT_EMIT_LOC_STRINGS = NO;
				SWIFT_VERSION = 5.0;
				TARGETED_DEVICE_FAMILY = "1,2";
				TEST_TARGET_NAME = MicroApp;
			};
			name = Debug;
		};
		4D5A85E72B021E2700D85BC5 /* Release */ = {
			isa = XCBuildConfiguration;
			buildSettings = {
				ALWAYS_EMBED_SWIFT_STANDARD_LIBRARIES = YES;
				CODE_SIGN_STYLE = Automatic;
				CURRENT_PROJECT_VERSION = 1;
				DEVELOPMENT_TEAM = ET37P8CM79;
				GENERATE_INFOPLIST_FILE = YES;
				MARKETING_VERSION = 1.0;
				PRODUCT_BUNDLE_IDENTIFIER = com.iremtosun.MicroAppUITests;
				PRODUCT_NAME = "$(TARGET_NAME)";
				SWIFT_EMIT_LOC_STRINGS = NO;
				SWIFT_VERSION = 5.0;
				TARGETED_DEVICE_FAMILY = "1,2";
				TEST_TARGET_NAME = MicroApp;
			};
			name = Release;
		};
/* End XCBuildConfiguration section */

/* Begin XCConfigurationList section */
		4D5A85B62B021E2500D85BC5 /* Build configuration list for PBXProject "MicroApp" */ = {
			isa = XCConfigurationList;
			buildConfigurations = (
				4D5A85DD2B021E2700D85BC5 /* Debug */,
				4D5A85DE2B021E2700D85BC5 /* Release */,
			);
			defaultConfigurationIsVisible = 0;
			defaultConfigurationName = Release;
		};
		4D5A85DF2B021E2700D85BC5 /* Build configuration list for PBXNativeTarget "MicroApp" */ = {
			isa = XCConfigurationList;
			buildConfigurations = (
				4D5A85E02B021E2700D85BC5 /* Debug */,
				4D5A85E12B021E2700D85BC5 /* Release */,
			);
			defaultConfigurationIsVisible = 0;
			defaultConfigurationName = Release;
		};
		4D5A85E22B021E2700D85BC5 /* Build configuration list for PBXNativeTarget "MicroAppTests" */ = {
			isa = XCConfigurationList;
			buildConfigurations = (
				4D5A85E32B021E2700D85BC5 /* Debug */,
				4D5A85E42B021E2700D85BC5 /* Release */,
			);
			defaultConfigurationIsVisible = 0;
			defaultConfigurationName = Release;
		};
		4D5A85E52B021E2700D85BC5 /* Build configuration list for PBXNativeTarget "MicroAppUITests" */ = {
			isa = XCConfigurationList;
			buildConfigurations = (
				4D5A85E62B021E2700D85BC5 /* Debug */,
				4D5A85E72B021E2700D85BC5 /* Release */,
			);
			defaultConfigurationIsVisible = 0;
			defaultConfigurationName = Release;
		};
/* End XCConfigurationList section */

/* Begin XCLocalSwiftPackageReference section */
		4D5A85EE2B021E9200D85BC5 /* XCLocalSwiftPackageReference "../MicroPackages/Nasa" */ = {
			isa = XCLocalSwiftPackageReference;
			relativePath = ../MicroPackages/Nasa;
		};
		4D5A85F12B021EBA00D85BC5 /* XCLocalSwiftPackageReference "../MicroPackages/Quiz" */ = {
			isa = XCLocalSwiftPackageReference;
			relativePath = ../MicroPackages/Quiz;
		};
/* End XCLocalSwiftPackageReference section */

/* Begin XCRemoteSwiftPackageReference section */
		4D4237D32B03578F008EADD4 /* XCRemoteSwiftPackageReference "Resolver" */ = {
			isa = XCRemoteSwiftPackageReference;
			repositoryURL = "https://github.com/hmlongco/Resolver";
			requirement = {
				kind = upToNextMajorVersion;
				minimumVersion = 1.5.0;
			};
		};
/* End XCRemoteSwiftPackageReference section */

/* Begin XCSwiftPackageProductDependency section */
		4D1715762B556B8400D1BF09 /* Resolver */ = {
			isa = XCSwiftPackageProductDependency;
			package = 4D4237D32B03578F008EADD4 /* XCRemoteSwiftPackageReference "Resolver" */;
			productName = Resolver;
		};
		4D1715782B556B8400D1BF09 /* Resolver-Dynamic */ = {
			isa = XCSwiftPackageProductDependency;
			package = 4D4237D32B03578F008EADD4 /* XCRemoteSwiftPackageReference "Resolver" */;
			productName = "Resolver-Dynamic";
		};
		4D17157A2B556B8400D1BF09 /* Resolver-Static */ = {
			isa = XCSwiftPackageProductDependency;
			package = 4D4237D32B03578F008EADD4 /* XCRemoteSwiftPackageReference "Resolver" */;
			productName = "Resolver-Static";
		};
		4D5A85EF2B021E9200D85BC5 /* Nasa */ = {
			isa = XCSwiftPackageProductDependency;
			productName = Nasa;
		};
		4D5A85F22B021EBA00D85BC5 /* Quiz */ = {
			isa = XCSwiftPackageProductDependency;
			productName = Quiz;
		};
/* End XCSwiftPackageProductDependency section */
	};
	rootObject = 4D5A85B32B021E2500D85BC5 /* Project object */;
}
